// !$*UTF8*$!
{
	archiveVersion = 1;
	classes = {
	};
	objectVersion = 77;
	objects = {

/* Begin PBXBuildFile section */
		A725E9A52E2FA30300EEA3F5 /* ProfileEditView.swift in Sources */ = {isa = PBXBuildFile; fileRef = A725E9A42E2FA30300EEA3F5 /* ProfileEditView.swift */; };
		A725E9A72E2FA32000EEA3F5 /* AccountSettingView.swift in Sources */ = {isa = PBXBuildFile; fileRef = A725E9A62E2FA32000EEA3F5 /* AccountSettingView.swift */; };
		A725E9A92E2FA36300EEA3F5 /* SettingListView.swift in Sources */ = {isa = PBXBuildFile; fileRef = A725E9A82E2FA36300EEA3F5 /* SettingListView.swift */; };
		A725E9AB2E2FA4E300EEA3F5 /* ProfileEditViewModel.swift in Sources */ = {isa = PBXBuildFile; fileRef = A725E9AA2E2FA4E300EEA3F5 /* ProfileEditViewModel.swift */; };
		A725E9AD2E2FA4FB00EEA3F5 /* PersonaPreviewView.swift in Sources */ = {isa = PBXBuildFile; fileRef = A725E9AC2E2FA4FB00EEA3F5 /* PersonaPreviewView.swift */; };
		A725E9AF2E2FA52900EEA3F5 /* PersonaInfoCardView.swift in Sources */ = {isa = PBXBuildFile; fileRef = A725E9AE2E2FA52900EEA3F5 /* PersonaInfoCardView.swift */; };
		A725E9B12E2FA53A00EEA3F5 /* ImageSelectorView.swift in Sources */ = {isa = PBXBuildFile; fileRef = A725E9B02E2FA53A00EEA3F5 /* ImageSelectorView.swift */; };
		A725E9B32E2FA5CA00EEA3F5 /* ProfileEditViewController.swift in Sources */ = {isa = PBXBuildFile; fileRef = A725E9B22E2FA5CA00EEA3F5 /* ProfileEditViewController.swift */; };
		A732BA292E27E2BB009EB6BF /* CategoryCellListView.swift in Sources */ = {isa = PBXBuildFile; fileRef = A732BA262E27E2BB009EB6BF /* CategoryCellListView.swift */; };
		A732BA2A2E27E2BB009EB6BF /* CardCellView.swift in Sources */ = {isa = PBXBuildFile; fileRef = A732BA252E27E2BB009EB6BF /* CardCellView.swift */; };
		A732BA2B2E27E2BB009EB6BF /* CategoryCellVeiw.swift in Sources */ = {isa = PBXBuildFile; fileRef = A732BA272E27E2BB009EB6BF /* CategoryCellVeiw.swift */; };
		A732BA2C2E27E2BB009EB6BF /* CardCellListView.swift in Sources */ = {isa = PBXBuildFile; fileRef = A732BA242E27E2BB009EB6BF /* CardCellListView.swift */; };
		A732BA2E2E27E2D4009EB6BF /* SearchBarView.swift in Sources */ = {isa = PBXBuildFile; fileRef = A732BA2D2E27E2D4009EB6BF /* SearchBarView.swift */; };
		A778D2E12E28F212006B3309 /* HomeView.swift in Sources */ = {isa = PBXBuildFile; fileRef = A778D2E02E28F212006B3309 /* HomeView.swift */; };
		A778D2E32E29756E006B3309 /* ProfilePlaceCellView.swift in Sources */ = {isa = PBXBuildFile; fileRef = A778D2E22E29756E006B3309 /* ProfilePlaceCellView.swift */; };
		A7D418BD2E2A281200B17044 /* ProfilePlaceCellListView.swift in Sources */ = {isa = PBXBuildFile; fileRef = A7D418BC2E2A281200B17044 /* ProfilePlaceCellListView.swift */; };
		A7D418BF2E2A344700B17044 /* UIButton+.swift in Sources */ = {isa = PBXBuildFile; fileRef = A7D418BE2E2A344700B17044 /* UIButton+.swift */; };
		A7D418C12E2A364D00B17044 /* UIView+.swift in Sources */ = {isa = PBXBuildFile; fileRef = A7D418C02E2A364D00B17044 /* UIView+.swift */; };
		A7F2E16D2E2007630045D175 /* ViewController.swift in Sources */ = {isa = PBXBuildFile; fileRef = A7F2E1692E2007630045D175 /* ViewController.swift */; };
		A7F2E16E2E2007630045D175 /* Assets.xcassets in Resources */ = {isa = PBXBuildFile; fileRef = A7F2E1662E2007630045D175 /* Assets.xcassets */; };
		A7F2E18B2E2009DB0045D175 /* MainTabViewController.swift in Sources */ = {isa = PBXBuildFile; fileRef = A7F2E18A2E2009DB0045D175 /* MainTabViewController.swift */; };
		A7F2E19D2E200A830045D175 /* FontSystem.swift in Sources */ = {isa = PBXBuildFile; fileRef = A7F2E19C2E200A830045D175 /* FontSystem.swift */; };
		DF1F3E782E27859B00BE27AC /* AppDelegate.swift in Sources */ = {isa = PBXBuildFile; fileRef = DF1F3E752E27859B00BE27AC /* AppDelegate.swift */; };
		DF1F3E792E27859B00BE27AC /* SceneDelegate.swift in Sources */ = {isa = PBXBuildFile; fileRef = DF1F3E762E27859B00BE27AC /* SceneDelegate.swift */; };
		DF1F3FB52E279C4100BE27AC /* HomeViewModel.swift in Sources */ = {isa = PBXBuildFile; fileRef = DF1F3FB42E279C4100BE27AC /* HomeViewModel.swift */; };
		DF1F3FB62E279C4100BE27AC /* HomeViewController.swift in Sources */ = {isa = PBXBuildFile; fileRef = DF1F3FB32E279C4100BE27AC /* HomeViewController.swift */; };
		DF1F40DE2E279E7F00BE27AC /* OneTimeAskView.swift in Sources */ = {isa = PBXBuildFile; fileRef = DF1F40DB2E279E7F00BE27AC /* OneTimeAskView.swift */; };
		DF1F40DF2E279E7F00BE27AC /* OneTimeAskViewController.swift in Sources */ = {isa = PBXBuildFile; fileRef = DF1F40DC2E279E7F00BE27AC /* OneTimeAskViewController.swift */; };
		DF1F40E42E279E8200BE27AC /* LoginView.swift in Sources */ = {isa = PBXBuildFile; fileRef = DF1F40E02E279E8200BE27AC /* LoginView.swift */; };
		DF1F40E52E279E8200BE27AC /* LoginViewController.swift in Sources */ = {isa = PBXBuildFile; fileRef = DF1F40E12E279E8200BE27AC /* LoginViewController.swift */; };
		DF1F40E62E279E8200BE27AC /* LoginViewModel.swift in Sources */ = {isa = PBXBuildFile; fileRef = DF1F40E22E279E8200BE27AC /* LoginViewModel.swift */; };
		DF1F40EA2E279F5400BE27AC /* MapViewModel.swift in Sources */ = {isa = PBXBuildFile; fileRef = DF1F40E92E279F5400BE27AC /* MapViewModel.swift */; };
		DF1F40EB2E279F5400BE27AC /* MapViewController.swift in Sources */ = {isa = PBXBuildFile; fileRef = DF1F40E82E279F5400BE27AC /* MapViewController.swift */; };
		DF1F40EC2E279F5400BE27AC /* MapView.swift in Sources */ = {isa = PBXBuildFile; fileRef = DF1F40E72E279F5400BE27AC /* MapView.swift */; };
		DF1F40F02E279F6600BE27AC /* MyPlaceViewModel.swift in Sources */ = {isa = PBXBuildFile; fileRef = DF1F40EF2E279F6600BE27AC /* MyPlaceViewModel.swift */; };
		DF1F40F12E279F6600BE27AC /* MyPlaceViewController.swift in Sources */ = {isa = PBXBuildFile; fileRef = DF1F40EE2E279F6600BE27AC /* MyPlaceViewController.swift */; };
		DF1F40F22E279F6600BE27AC /* MyPlaceView.swift in Sources */ = {isa = PBXBuildFile; fileRef = DF1F40ED2E279F6600BE27AC /* MyPlaceView.swift */; };
		DF1F40F82E279F9000BE27AC /* ProfileViewModel.swift in Sources */ = {isa = PBXBuildFile; fileRef = DF1F40F72E279F9000BE27AC /* ProfileViewModel.swift */; };
		DF1F40F92E279F9000BE27AC /* ProfileView.swift in Sources */ = {isa = PBXBuildFile; fileRef = DF1F40F52E279F9000BE27AC /* ProfileView.swift */; };
		DF1F40FA2E279F9000BE27AC /* ProfileViewController.swift in Sources */ = {isa = PBXBuildFile; fileRef = DF1F40F62E279F9000BE27AC /* ProfileViewController.swift */; };
		DF5FFE422E20B9BE00C07AD3 /* .gitignore in Resources */ = {isa = PBXBuildFile; fileRef = DF5FFE412E20B9BE00C07AD3 /* .gitignore */; };
		DF5FFE442E20BBB300C07AD3 /* README.md in Resources */ = {isa = PBXBuildFile; fileRef = DF5FFE432E20BBB300C07AD3 /* README.md */; };
		DF7A87C42E27783F00378AC3 /* Coordinator.swift in Sources */ = {isa = PBXBuildFile; fileRef = DF7A87C22E27783F00378AC3 /* Coordinator.swift */; };
		DF7A87CA2E27786300378AC3 /* DIContainer.swift in Sources */ = {isa = PBXBuildFile; fileRef = DF7A87C82E27786300378AC3 /* DIContainer.swift */; };
		DF7A8B9A2E277CCB00378AC3 /* AuthUseCase.swift in Sources */ = {isa = PBXBuildFile; fileRef = DF7A8B992E277CCB00378AC3 /* AuthUseCase.swift */; };
		DF7A8B9C2E277D0000378AC3 /* AuthUseCaseImpl.swift in Sources */ = {isa = PBXBuildFile; fileRef = DF7A8B9B2E277D0000378AC3 /* AuthUseCaseImpl.swift */; };
		DF7A8B9E2E27804600378AC3 /* AuthRepository.swift in Sources */ = {isa = PBXBuildFile; fileRef = DF7A8B9D2E27804600378AC3 /* AuthRepository.swift */; };
		DF7A8BA02E27806800378AC3 /* AuthRepositoryImpl.swift in Sources */ = {isa = PBXBuildFile; fileRef = DF7A8B9F2E27806800378AC3 /* AuthRepositoryImpl.swift */; };
		DF899B462E24DD9C006BE87D /* CodeConvention.md in Resources */ = {isa = PBXBuildFile; fileRef = DF899B452E24DD9C006BE87D /* CodeConvention.md */; };
		DF899C712E24F834006BE87D /* .swiftlint.yml in Resources */ = {isa = PBXBuildFile; fileRef = DF899C702E24F834006BE87D /* .swiftlint.yml */; };
		DF9E1E972E212646000F0F13 /* issue-project-tracker.yml in Resources */ = {isa = PBXBuildFile; fileRef = DF9E1E962E212646000F0F13 /* issue-project-tracker.yml */; };
		DFA2CB392E27C7B000C4F32B /* ModuleFactory.swift in Sources */ = {isa = PBXBuildFile; fileRef = DFA2CB382E27C7B000C4F32B /* ModuleFactory.swift */; };
		DFA2CB3D2E27DC8E00C4F32B /* Documentation.docc in Sources */ = {isa = PBXBuildFile; fileRef = DFA2CB3C2E27DC8E00C4F32B /* Documentation.docc */; };
		DFA6892D2E2110F7000EC0BA /* issue.md in Resources */ = {isa = PBXBuildFile; fileRef = DFA689272E2110F7000EC0BA /* issue.md */; };
		DFA6892E2E2110F7000EC0BA /* main.yml in Resources */ = {isa = PBXBuildFile; fileRef = DFA689292E2110F7000EC0BA /* main.yml */; };
		DFA6892F2E2110F7000EC0BA /* PULL_REQUEST_TEMPLATE.md in Resources */ = {isa = PBXBuildFile; fileRef = DFA6892B2E2110F7000EC0BA /* PULL_REQUEST_TEMPLATE.md */; };
		DFA689342E211752000EC0BA /* issue-branch.yml in Resources */ = {isa = PBXBuildFile; fileRef = DFA689332E211752000EC0BA /* issue-branch.yml */; };
		DFB9A41B2E22BB9500BD0E51 /* email-notify.yml in Resources */ = {isa = PBXBuildFile; fileRef = DFB9A41A2E22BB9500BD0E51 /* email-notify.yml */; };
		DFF67EA82E219AE800676213 /* Pretendard-Light.otf in Resources */ = {isa = PBXBuildFile; fileRef = DFF67EA32E219AE800676213 /* Pretendard-Light.otf */; };
		DFF67EA92E219AE800676213 /* Pretendard-Black.otf in Resources */ = {isa = PBXBuildFile; fileRef = DFF67E9F2E219AE800676213 /* Pretendard-Black.otf */; };
		DFF67EAA2E219AE800676213 /* Pretendard-Thin.otf in Resources */ = {isa = PBXBuildFile; fileRef = DFF67EA72E219AE800676213 /* Pretendard-Thin.otf */; };
		DFF67EAB2E219AE800676213 /* Pretendard-Regular.otf in Resources */ = {isa = PBXBuildFile; fileRef = DFF67EA52E219AE800676213 /* Pretendard-Regular.otf */; };
		DFF67EAC2E219AE800676213 /* Pretendard-ExtraBold.otf in Resources */ = {isa = PBXBuildFile; fileRef = DFF67EA12E219AE800676213 /* Pretendard-ExtraBold.otf */; };
		DFF67EAD2E219AE800676213 /* Pretendard-Medium.otf in Resources */ = {isa = PBXBuildFile; fileRef = DFF67EA42E219AE800676213 /* Pretendard-Medium.otf */; };
		DFF67EAE2E219AE800676213 /* Pretendard-Bold.otf in Resources */ = {isa = PBXBuildFile; fileRef = DFF67EA02E219AE800676213 /* Pretendard-Bold.otf */; };
		DFF67EAF2E219AE800676213 /* Pretendard-ExtraLight.otf in Resources */ = {isa = PBXBuildFile; fileRef = DFF67EA22E219AE800676213 /* Pretendard-ExtraLight.otf */; };
		DFF67EB02E219AE800676213 /* Pretendard-SemiBold.otf in Resources */ = {isa = PBXBuildFile; fileRef = DFF67EA62E219AE800676213 /* Pretendard-SemiBold.otf */; };
/* End PBXBuildFile section */

/* Begin PBXFileReference section */
		A725E9A42E2FA30300EEA3F5 /* ProfileEditView.swift */ = {isa = PBXFileReference; lastKnownFileType = sourcecode.swift; path = ProfileEditView.swift; sourceTree = "<group>"; };
		A725E9A62E2FA32000EEA3F5 /* AccountSettingView.swift */ = {isa = PBXFileReference; lastKnownFileType = sourcecode.swift; path = AccountSettingView.swift; sourceTree = "<group>"; };
		A725E9A82E2FA36300EEA3F5 /* SettingListView.swift */ = {isa = PBXFileReference; lastKnownFileType = sourcecode.swift; path = SettingListView.swift; sourceTree = "<group>"; };
		A725E9AA2E2FA4E300EEA3F5 /* ProfileEditViewModel.swift */ = {isa = PBXFileReference; lastKnownFileType = sourcecode.swift; path = ProfileEditViewModel.swift; sourceTree = "<group>"; };
		A725E9AC2E2FA4FB00EEA3F5 /* PersonaPreviewView.swift */ = {isa = PBXFileReference; lastKnownFileType = sourcecode.swift; path = PersonaPreviewView.swift; sourceTree = "<group>"; };
		A725E9AE2E2FA52900EEA3F5 /* PersonaInfoCardView.swift */ = {isa = PBXFileReference; lastKnownFileType = sourcecode.swift; path = PersonaInfoCardView.swift; sourceTree = "<group>"; };
		A725E9B02E2FA53A00EEA3F5 /* ImageSelectorView.swift */ = {isa = PBXFileReference; lastKnownFileType = sourcecode.swift; path = ImageSelectorView.swift; sourceTree = "<group>"; };
		A725E9B22E2FA5CA00EEA3F5 /* ProfileEditViewController.swift */ = {isa = PBXFileReference; lastKnownFileType = sourcecode.swift; path = ProfileEditViewController.swift; sourceTree = "<group>"; };
		A732BA242E27E2BB009EB6BF /* CardCellListView.swift */ = {isa = PBXFileReference; lastKnownFileType = sourcecode.swift; path = CardCellListView.swift; sourceTree = "<group>"; };
		A732BA252E27E2BB009EB6BF /* CardCellView.swift */ = {isa = PBXFileReference; lastKnownFileType = sourcecode.swift; path = CardCellView.swift; sourceTree = "<group>"; };
		A732BA262E27E2BB009EB6BF /* CategoryCellListView.swift */ = {isa = PBXFileReference; lastKnownFileType = sourcecode.swift; path = CategoryCellListView.swift; sourceTree = "<group>"; };
		A732BA272E27E2BB009EB6BF /* CategoryCellVeiw.swift */ = {isa = PBXFileReference; lastKnownFileType = sourcecode.swift; path = CategoryCellVeiw.swift; sourceTree = "<group>"; };
		A732BA2D2E27E2D4009EB6BF /* SearchBarView.swift */ = {isa = PBXFileReference; lastKnownFileType = sourcecode.swift; path = SearchBarView.swift; sourceTree = "<group>"; };
		A732BA2F2E27E9D0009EB6BF /* Inter 24pt.ttf */ = {isa = PBXFileReference; lastKnownFileType = file; path = "Inter 24pt.ttf"; sourceTree = "<group>"; };
		A778D2E02E28F212006B3309 /* HomeView.swift */ = {isa = PBXFileReference; lastKnownFileType = sourcecode.swift; path = HomeView.swift; sourceTree = "<group>"; };
		A778D2E22E29756E006B3309 /* ProfilePlaceCellView.swift */ = {isa = PBXFileReference; lastKnownFileType = sourcecode.swift; path = ProfilePlaceCellView.swift; sourceTree = "<group>"; };
		A7C1AB592E20022D00B8B9E1 /* Pindora.app */ = {isa = PBXFileReference; explicitFileType = wrapper.application; includeInIndex = 0; path = Pindora.app; sourceTree = BUILT_PRODUCTS_DIR; };
		A7D418BC2E2A281200B17044 /* ProfilePlaceCellListView.swift */ = {isa = PBXFileReference; lastKnownFileType = sourcecode.swift; path = ProfilePlaceCellListView.swift; sourceTree = "<group>"; };
		A7D418BE2E2A344700B17044 /* UIButton+.swift */ = {isa = PBXFileReference; lastKnownFileType = sourcecode.swift; path = "UIButton+.swift"; sourceTree = "<group>"; };
		A7D418C02E2A364D00B17044 /* UIView+.swift */ = {isa = PBXFileReference; lastKnownFileType = sourcecode.swift; path = "UIView+.swift"; sourceTree = "<group>"; };
		A7F2E1662E2007630045D175 /* Assets.xcassets */ = {isa = PBXFileReference; lastKnownFileType = folder.assetcatalog; path = Assets.xcassets; sourceTree = "<group>"; };
		A7F2E1672E2007630045D175 /* Info.plist */ = {isa = PBXFileReference; lastKnownFileType = text.plist.xml; path = Info.plist; sourceTree = "<group>"; };
		A7F2E1692E2007630045D175 /* ViewController.swift */ = {isa = PBXFileReference; lastKnownFileType = sourcecode.swift; path = ViewController.swift; sourceTree = "<group>"; };
		A7F2E18A2E2009DB0045D175 /* MainTabViewController.swift */ = {isa = PBXFileReference; lastKnownFileType = sourcecode.swift; path = MainTabViewController.swift; sourceTree = "<group>"; };
		A7F2E19C2E200A830045D175 /* FontSystem.swift */ = {isa = PBXFileReference; lastKnownFileType = sourcecode.swift; path = FontSystem.swift; sourceTree = "<group>"; };
		DF1F3E752E27859B00BE27AC /* AppDelegate.swift */ = {isa = PBXFileReference; lastKnownFileType = sourcecode.swift; path = AppDelegate.swift; sourceTree = "<group>"; };
		DF1F3E762E27859B00BE27AC /* SceneDelegate.swift */ = {isa = PBXFileReference; lastKnownFileType = sourcecode.swift; path = SceneDelegate.swift; sourceTree = "<group>"; };
		DF1F3FB32E279C4100BE27AC /* HomeViewController.swift */ = {isa = PBXFileReference; lastKnownFileType = sourcecode.swift; path = HomeViewController.swift; sourceTree = "<group>"; };
		DF1F3FB42E279C4100BE27AC /* HomeViewModel.swift */ = {isa = PBXFileReference; lastKnownFileType = sourcecode.swift; path = HomeViewModel.swift; sourceTree = "<group>"; };
		DF1F40DB2E279E7F00BE27AC /* OneTimeAskView.swift */ = {isa = PBXFileReference; lastKnownFileType = sourcecode.swift; path = OneTimeAskView.swift; sourceTree = "<group>"; };
		DF1F40DC2E279E7F00BE27AC /* OneTimeAskViewController.swift */ = {isa = PBXFileReference; lastKnownFileType = sourcecode.swift; path = OneTimeAskViewController.swift; sourceTree = "<group>"; };
		DF1F40E02E279E8200BE27AC /* LoginView.swift */ = {isa = PBXFileReference; lastKnownFileType = sourcecode.swift; path = LoginView.swift; sourceTree = "<group>"; };
		DF1F40E12E279E8200BE27AC /* LoginViewController.swift */ = {isa = PBXFileReference; lastKnownFileType = sourcecode.swift; path = LoginViewController.swift; sourceTree = "<group>"; };
		DF1F40E22E279E8200BE27AC /* LoginViewModel.swift */ = {isa = PBXFileReference; lastKnownFileType = sourcecode.swift; path = LoginViewModel.swift; sourceTree = "<group>"; };
		DF1F40E72E279F5400BE27AC /* MapView.swift */ = {isa = PBXFileReference; lastKnownFileType = sourcecode.swift; path = MapView.swift; sourceTree = "<group>"; };
		DF1F40E82E279F5400BE27AC /* MapViewController.swift */ = {isa = PBXFileReference; lastKnownFileType = sourcecode.swift; path = MapViewController.swift; sourceTree = "<group>"; };
		DF1F40E92E279F5400BE27AC /* MapViewModel.swift */ = {isa = PBXFileReference; lastKnownFileType = sourcecode.swift; path = MapViewModel.swift; sourceTree = "<group>"; };
		DF1F40ED2E279F6600BE27AC /* MyPlaceView.swift */ = {isa = PBXFileReference; lastKnownFileType = sourcecode.swift; path = MyPlaceView.swift; sourceTree = "<group>"; };
		DF1F40EE2E279F6600BE27AC /* MyPlaceViewController.swift */ = {isa = PBXFileReference; lastKnownFileType = sourcecode.swift; path = MyPlaceViewController.swift; sourceTree = "<group>"; };
		DF1F40EF2E279F6600BE27AC /* MyPlaceViewModel.swift */ = {isa = PBXFileReference; lastKnownFileType = sourcecode.swift; path = MyPlaceViewModel.swift; sourceTree = "<group>"; };
		DF1F40F52E279F9000BE27AC /* ProfileView.swift */ = {isa = PBXFileReference; lastKnownFileType = sourcecode.swift; path = ProfileView.swift; sourceTree = "<group>"; };
		DF1F40F62E279F9000BE27AC /* ProfileViewController.swift */ = {isa = PBXFileReference; lastKnownFileType = sourcecode.swift; path = ProfileViewController.swift; sourceTree = "<group>"; };
		DF1F40F72E279F9000BE27AC /* ProfileViewModel.swift */ = {isa = PBXFileReference; lastKnownFileType = sourcecode.swift; path = ProfileViewModel.swift; sourceTree = "<group>"; };
		DF5FFE322E20B47D00C07AD3 /* .gitkeep */ = {isa = PBXFileReference; lastKnownFileType = text; path = .gitkeep; sourceTree = "<group>"; };
		DF5FFE342E20B47E00C07AD3 /* .gitkeep */ = {isa = PBXFileReference; lastKnownFileType = text; path = .gitkeep; sourceTree = "<group>"; };
		DF5FFE362E20B47F00C07AD3 /* .gitkeep */ = {isa = PBXFileReference; lastKnownFileType = text; path = .gitkeep; sourceTree = "<group>"; };
		DF5FFE3C2E20B48200C07AD3 /* .gitkeep */ = {isa = PBXFileReference; lastKnownFileType = text; path = .gitkeep; sourceTree = "<group>"; };
		DF5FFE3E2E20B48400C07AD3 /* .gitkeep */ = {isa = PBXFileReference; lastKnownFileType = text; path = .gitkeep; sourceTree = "<group>"; };
		DF5FFE412E20B9BE00C07AD3 /* .gitignore */ = {isa = PBXFileReference; lastKnownFileType = text; path = .gitignore; sourceTree = "<group>"; };
		DF5FFE432E20BBB300C07AD3 /* README.md */ = {isa = PBXFileReference; lastKnownFileType = net.daringfireball.markdown; path = README.md; sourceTree = "<group>"; };
		DF7A87C22E27783F00378AC3 /* Coordinator.swift */ = {isa = PBXFileReference; lastKnownFileType = sourcecode.swift; path = Coordinator.swift; sourceTree = "<group>"; };
		DF7A87C82E27786300378AC3 /* DIContainer.swift */ = {isa = PBXFileReference; lastKnownFileType = sourcecode.swift; path = DIContainer.swift; sourceTree = "<group>"; };
		DF7A8B992E277CCB00378AC3 /* AuthUseCase.swift */ = {isa = PBXFileReference; lastKnownFileType = sourcecode.swift; path = AuthUseCase.swift; sourceTree = "<group>"; };
		DF7A8B9B2E277D0000378AC3 /* AuthUseCaseImpl.swift */ = {isa = PBXFileReference; lastKnownFileType = sourcecode.swift; path = AuthUseCaseImpl.swift; sourceTree = "<group>"; };
		DF7A8B9D2E27804600378AC3 /* AuthRepository.swift */ = {isa = PBXFileReference; lastKnownFileType = sourcecode.swift; path = AuthRepository.swift; sourceTree = "<group>"; };
		DF7A8B9F2E27806800378AC3 /* AuthRepositoryImpl.swift */ = {isa = PBXFileReference; lastKnownFileType = sourcecode.swift; path = AuthRepositoryImpl.swift; sourceTree = "<group>"; };
		DF899B452E24DD9C006BE87D /* CodeConvention.md */ = {isa = PBXFileReference; lastKnownFileType = net.daringfireball.markdown; path = CodeConvention.md; sourceTree = "<group>"; };
		DF899C702E24F834006BE87D /* .swiftlint.yml */ = {isa = PBXFileReference; lastKnownFileType = text.yaml; path = .swiftlint.yml; sourceTree = "<group>"; };
		DF899D982E24FF79006BE87D /* Makefile */ = {isa = PBXFileReference; lastKnownFileType = sourcecode.make; path = Makefile; sourceTree = "<group>"; };
		DF9E1E962E212646000F0F13 /* issue-project-tracker.yml */ = {isa = PBXFileReference; lastKnownFileType = text.yaml; path = "issue-project-tracker.yml"; sourceTree = "<group>"; };
		DFA2CB382E27C7B000C4F32B /* ModuleFactory.swift */ = {isa = PBXFileReference; lastKnownFileType = sourcecode.swift; path = ModuleFactory.swift; sourceTree = "<group>"; };
		DFA2CB3C2E27DC8E00C4F32B /* Documentation.docc */ = {isa = PBXFileReference; lastKnownFileType = folder.documentationcatalog; path = Documentation.docc; sourceTree = "<group>"; };
		DFA689272E2110F7000EC0BA /* issue.md */ = {isa = PBXFileReference; lastKnownFileType = net.daringfireball.markdown; path = issue.md; sourceTree = "<group>"; };
		DFA689292E2110F7000EC0BA /* main.yml */ = {isa = PBXFileReference; lastKnownFileType = text.yaml; path = main.yml; sourceTree = "<group>"; };
		DFA6892B2E2110F7000EC0BA /* PULL_REQUEST_TEMPLATE.md */ = {isa = PBXFileReference; lastKnownFileType = net.daringfireball.markdown; path = PULL_REQUEST_TEMPLATE.md; sourceTree = "<group>"; };
		DFA689322E21163A000EC0BA /* labels.json */ = {isa = PBXFileReference; lastKnownFileType = text.json; path = labels.json; sourceTree = "<group>"; };
		DFA689332E211752000EC0BA /* issue-branch.yml */ = {isa = PBXFileReference; lastKnownFileType = text.yaml; path = "issue-branch.yml"; sourceTree = "<group>"; };
		DFB9A41A2E22BB9500BD0E51 /* email-notify.yml */ = {isa = PBXFileReference; lastKnownFileType = text.yaml; path = "email-notify.yml"; sourceTree = "<group>"; };
		DFF67E9F2E219AE800676213 /* Pretendard-Black.otf */ = {isa = PBXFileReference; lastKnownFileType = file; path = "Pretendard-Black.otf"; sourceTree = "<group>"; };
		DFF67EA02E219AE800676213 /* Pretendard-Bold.otf */ = {isa = PBXFileReference; lastKnownFileType = file; path = "Pretendard-Bold.otf"; sourceTree = "<group>"; };
		DFF67EA12E219AE800676213 /* Pretendard-ExtraBold.otf */ = {isa = PBXFileReference; lastKnownFileType = file; path = "Pretendard-ExtraBold.otf"; sourceTree = "<group>"; };
		DFF67EA22E219AE800676213 /* Pretendard-ExtraLight.otf */ = {isa = PBXFileReference; lastKnownFileType = file; path = "Pretendard-ExtraLight.otf"; sourceTree = "<group>"; };
		DFF67EA32E219AE800676213 /* Pretendard-Light.otf */ = {isa = PBXFileReference; lastKnownFileType = file; path = "Pretendard-Light.otf"; sourceTree = "<group>"; };
		DFF67EA42E219AE800676213 /* Pretendard-Medium.otf */ = {isa = PBXFileReference; lastKnownFileType = file; path = "Pretendard-Medium.otf"; sourceTree = "<group>"; };
		DFF67EA52E219AE800676213 /* Pretendard-Regular.otf */ = {isa = PBXFileReference; lastKnownFileType = file; path = "Pretendard-Regular.otf"; sourceTree = "<group>"; };
		DFF67EA62E219AE800676213 /* Pretendard-SemiBold.otf */ = {isa = PBXFileReference; lastKnownFileType = file; path = "Pretendard-SemiBold.otf"; sourceTree = "<group>"; };
		DFF67EA72E219AE800676213 /* Pretendard-Thin.otf */ = {isa = PBXFileReference; lastKnownFileType = file; path = "Pretendard-Thin.otf"; sourceTree = "<group>"; };
/* End PBXFileReference section */

/* Begin PBXFrameworksBuildPhase section */
		A7C1AB562E20022D00B8B9E1 /* Frameworks */ = {
			isa = PBXFrameworksBuildPhase;
			buildActionMask = 2147483647;
			files = (
			);
			runOnlyForDeploymentPostprocessing = 0;
		};
/* End PBXFrameworksBuildPhase section */

/* Begin PBXGroup section */
		A725E9A22E2FA11F00EEA3F5 /* EditProfile */ = {
			isa = PBXGroup;
			children = (
				A725E9A42E2FA30300EEA3F5 /* ProfileEditView.swift */,
				A725E9AA2E2FA4E300EEA3F5 /* ProfileEditViewModel.swift */,
				A725E9B22E2FA5CA00EEA3F5 /* ProfileEditViewController.swift */,
				A725E9AC2E2FA4FB00EEA3F5 /* PersonaPreviewView.swift */,
				A725E9AE2E2FA52900EEA3F5 /* PersonaInfoCardView.swift */,
				A725E9B02E2FA53A00EEA3F5 /* ImageSelectorView.swift */,
			);
			path = EditProfile;
			sourceTree = "<group>";
		};
		A725E9A32E2FA13500EEA3F5 /* Setting */ = {
			isa = PBXGroup;
			children = (
				A725E9A82E2FA36300EEA3F5 /* SettingListView.swift */,
				A725E9A62E2FA32000EEA3F5 /* AccountSettingView.swift */,
			);
			path = Setting;
			sourceTree = "<group>";
		};
		A732BA282E27E2BB009EB6BF /* Custom */ = {
			isa = PBXGroup;
			children = (
				A732BA242E27E2BB009EB6BF /* CardCellListView.swift */,
				A732BA252E27E2BB009EB6BF /* CardCellView.swift */,
				A732BA262E27E2BB009EB6BF /* CategoryCellListView.swift */,
				A732BA272E27E2BB009EB6BF /* CategoryCellVeiw.swift */,
			);
			path = Custom;
			sourceTree = "<group>";
		};
		A7C1AB502E20022D00B8B9E1 = {
			isa = PBXGroup;
			children = (
				DFA6892C2E2110F7000EC0BA /* .github */,
				DF5FFE412E20B9BE00C07AD3 /* .gitignore */,
				DF899C702E24F834006BE87D /* .swiftlint.yml */,
				DF899B452E24DD9C006BE87D /* CodeConvention.md */,
				DFA2CB3C2E27DC8E00C4F32B /* Documentation.docc */,
				DF899D982E24FF79006BE87D /* Makefile */,
				A7F2E16A2E2007630045D175 /* Pindora */,
				DF27D9B82E28C2C400D0D8BE /* Frameworks */,
				A7C1AB5A2E20022D00B8B9E1 /* Products */,
				DF5FFE432E20BBB300C07AD3 /* README.md */,
			);
			sourceTree = "<group>";
		};
		A7C1AB5A2E20022D00B8B9E1 /* Products */ = {
			isa = PBXGroup;
			children = (
				A7C1AB592E20022D00B8B9E1 /* Pindora.app */,
			);
			name = Products;
			sourceTree = "<group>";
		};
		A7F2E16A2E2007630045D175 /* Pindora */ = {
			isa = PBXGroup;
			children = (
				A7F2E1712E2007840045D175 /* Resource */,
				A7F2E1702E20077F0045D175 /* Source */,
				A7F2E1672E2007630045D175 /* Info.plist */,
				A7F2E1692E2007630045D175 /* ViewController.swift */,
			);
			path = Pindora;
			sourceTree = "<group>";
		};
		A7F2E1702E20077F0045D175 /* Source */ = {
			isa = PBXGroup;
			children = (
				DF5FFE2F2E20B47000C07AD3 /* App */,
				A7F2E1752E2007E80045D175 /* Data */,
				A7F2E1732E2007C10045D175 /* Domain */,
				A7F2E1742E2007D80045D175 /* Presentation */,
				A7F2E1762E2007F70045D175 /* Util */,
			);
			path = Source;
			sourceTree = "<group>";
		};
		A7F2E1712E2007840045D175 /* Resource */ = {
			isa = PBXGroup;
			children = (
				DFA689192E2109C6000EC0BA /* Fonts */,
				A7F2E1992E200A640045D175 /* DesignSystem */,
				A7F2E1662E2007630045D175 /* Assets.xcassets */,
			);
			path = Resource;
			sourceTree = "<group>";
		};
		A7F2E1732E2007C10045D175 /* Domain */ = {
			isa = PBXGroup;
			children = (
				DF5FFE342E20B47E00C07AD3 /* .gitkeep */,
				A7F2E17B2E2008600045D175 /* DTO */,
				A7F2E1782E2008360045D175 /* Entity */,
				A7F2E17A2E20084F0045D175 /* Repository */,
				A7F2E1792E2008450045D175 /* UseCase */,
				DF7A8B982E277C9600378AC3 /* UseCaseImpl */,
			);
			path = Domain;
			sourceTree = "<group>";
		};
		A7F2E1742E2007D80045D175 /* Presentation */ = {
			isa = PBXGroup;
			children = (
				A732BA282E27E2BB009EB6BF /* Custom */,
				A7F2E17C2E2008780045D175 /* Home */,
				A7F2E17D2E20089F0045D175 /* Login */,
				A7F2E17F2E2008BB0045D175 /* MainTab */,
				A7F2E17E2E2008A40045D175 /* Map */,
				A7F2E1802E2008CF0045D175 /* MyPlace */,
				A7F2E1812E2008E00045D175 /* Profile */,
			);
			path = Presentation;
			sourceTree = "<group>";
		};
		A7F2E1752E2007E80045D175 /* Data */ = {
			isa = PBXGroup;
			children = (
				DF899C732E24FE5A006BE87D /* RepositoryImpl */,
				DF5FFE322E20B47D00C07AD3 /* .gitkeep */,
			);
			path = Data;
			sourceTree = "<group>";
		};
		A7F2E1762E2007F70045D175 /* Util */ = {
			isa = PBXGroup;
			children = (
				A7F2E1772E2008220045D175 /* Extension */,
			);
			path = Util;
			sourceTree = "<group>";
		};
		A7F2E1772E2008220045D175 /* Extension */ = {
			isa = PBXGroup;
			children = (
				DF5FFE3E2E20B48400C07AD3 /* .gitkeep */,
				A7D418BE2E2A344700B17044 /* UIButton+.swift */,
				A7D418C02E2A364D00B17044 /* UIView+.swift */,
			);
			path = Extension;
			sourceTree = "<group>";
		};
		A7F2E1782E2008360045D175 /* Entity */ = {
			isa = PBXGroup;
			children = (
				DF5FFE3C2E20B48200C07AD3 /* .gitkeep */,
			);
			path = Entity;
			sourceTree = "<group>";
		};
		A7F2E1792E2008450045D175 /* UseCase */ = {
			isa = PBXGroup;
			children = (
				DF7A8B992E277CCB00378AC3 /* AuthUseCase.swift */,
			);
			path = UseCase;
			sourceTree = "<group>";
		};
		A7F2E17A2E20084F0045D175 /* Repository */ = {
			isa = PBXGroup;
			children = (
				DF7A8B9D2E27804600378AC3 /* AuthRepository.swift */,
			);
			path = Repository;
			sourceTree = "<group>";
		};
		A7F2E17B2E2008600045D175 /* DTO */ = {
			isa = PBXGroup;
			children = (
				DF5FFE362E20B47F00C07AD3 /* .gitkeep */,
			);
			path = DTO;
			sourceTree = "<group>";
		};
		A7F2E17C2E2008780045D175 /* Home */ = {
			isa = PBXGroup;
			children = (
				A778D2E02E28F212006B3309 /* HomeView.swift */,
				DF1F3FB32E279C4100BE27AC /* HomeViewController.swift */,
				DF1F3FB42E279C4100BE27AC /* HomeViewModel.swift */,
				A732BA2D2E27E2D4009EB6BF /* SearchBarView.swift */,
			);
			path = Home;
			sourceTree = "<group>";
		};
		A7F2E17D2E20089F0045D175 /* Login */ = {
			isa = PBXGroup;
			children = (
				DF1F40DD2E279E7F00BE27AC /* OneTimeAsk */,
				DF1F40E32E279E8200BE27AC /* Login */,
			);
			path = Login;
			sourceTree = "<group>";
		};
		A7F2E17E2E2008A40045D175 /* Map */ = {
			isa = PBXGroup;
			children = (
				DF1F40E72E279F5400BE27AC /* MapView.swift */,
				DF1F40E82E279F5400BE27AC /* MapViewController.swift */,
				DF1F40E92E279F5400BE27AC /* MapViewModel.swift */,
			);
			path = Map;
			sourceTree = "<group>";
		};
		A7F2E17F2E2008BB0045D175 /* MainTab */ = {
			isa = PBXGroup;
			children = (
				A7F2E18A2E2009DB0045D175 /* MainTabViewController.swift */,
			);
			path = MainTab;
			sourceTree = "<group>";
		};
		A7F2E1802E2008CF0045D175 /* MyPlace */ = {
			isa = PBXGroup;
			children = (
				DF1F40ED2E279F6600BE27AC /* MyPlaceView.swift */,
				DF1F40EE2E279F6600BE27AC /* MyPlaceViewController.swift */,
				DF1F40EF2E279F6600BE27AC /* MyPlaceViewModel.swift */,
			);
			path = MyPlace;
			sourceTree = "<group>";
		};
		A7F2E1812E2008E00045D175 /* Profile */ = {
			isa = PBXGroup;
			children = (
				DF1F40F52E279F9000BE27AC /* ProfileView.swift */,
				DF1F40F62E279F9000BE27AC /* ProfileViewController.swift */,
				DF1F40F72E279F9000BE27AC /* ProfileViewModel.swift */,
				A778D2E22E29756E006B3309 /* ProfilePlaceCellView.swift */,
				A7D418BC2E2A281200B17044 /* ProfilePlaceCellListView.swift */,
				A725E9A32E2FA13500EEA3F5 /* Setting */,
				A725E9A22E2FA11F00EEA3F5 /* EditProfile */,
			);
			path = Profile;
			sourceTree = "<group>";
		};
		A7F2E1992E200A640045D175 /* DesignSystem */ = {
			isa = PBXGroup;
			children = (
				A7F2E19C2E200A830045D175 /* FontSystem.swift */,
			);
			path = DesignSystem;
			sourceTree = "<group>";
		};
		DF1F3E772E27859B00BE27AC /* Delegate */ = {
			isa = PBXGroup;
			children = (
				DF1F3E752E27859B00BE27AC /* AppDelegate.swift */,
				DF1F3E762E27859B00BE27AC /* SceneDelegate.swift */,
			);
			path = Delegate;
			sourceTree = "<group>";
		};
		DF1F40DD2E279E7F00BE27AC /* OneTimeAsk */ = {
			isa = PBXGroup;
			children = (
				DF1F40DB2E279E7F00BE27AC /* OneTimeAskView.swift */,
				DF1F40DC2E279E7F00BE27AC /* OneTimeAskViewController.swift */,
			);
			path = OneTimeAsk;
			sourceTree = "<group>";
		};
		DF1F40E32E279E8200BE27AC /* Login */ = {
			isa = PBXGroup;
			children = (
				DF1F40E02E279E8200BE27AC /* LoginView.swift */,
				DF1F40E12E279E8200BE27AC /* LoginViewController.swift */,
				DF1F40E22E279E8200BE27AC /* LoginViewModel.swift */,
			);
			path = Login;
			sourceTree = "<group>";
		};
		DF27D9B82E28C2C400D0D8BE /* Frameworks */ = {
			isa = PBXGroup;
			children = (
			);
			name = Frameworks;
			sourceTree = "<group>";
		};
		DF5FFE2F2E20B47000C07AD3 /* App */ = {
			isa = PBXGroup;
			children = (
				DF1F3E772E27859B00BE27AC /* Delegate */,
				DF7A87C92E27786300378AC3 /* DIConatiner */,
				DF7A87C32E27783F00378AC3 /* Coordinator */,
			);
			path = App;
			sourceTree = "<group>";
		};
		DF7A87C32E27783F00378AC3 /* Coordinator */ = {
			isa = PBXGroup;
			children = (
				DF7A87C22E27783F00378AC3 /* Coordinator.swift */,
			);
			path = Coordinator;
			sourceTree = "<group>";
		};
		DF7A87C92E27786300378AC3 /* DIConatiner */ = {
			isa = PBXGroup;
			children = (
				DF7A87C82E27786300378AC3 /* DIContainer.swift */,
				DFA2CB382E27C7B000C4F32B /* ModuleFactory.swift */,
			);
			path = DIConatiner;
			sourceTree = "<group>";
		};
		DF7A8B982E277C9600378AC3 /* UseCaseImpl */ = {
			isa = PBXGroup;
			children = (
				DF7A8B9B2E277D0000378AC3 /* AuthUseCaseImpl.swift */,
			);
			path = UseCaseImpl;
			sourceTree = "<group>";
		};
		DF899C732E24FE5A006BE87D /* RepositoryImpl */ = {
			isa = PBXGroup;
			children = (
				DF7A8B9F2E27806800378AC3 /* AuthRepositoryImpl.swift */,
			);
			path = RepositoryImpl;
			sourceTree = "<group>";
		};
		DFA689192E2109C6000EC0BA /* Fonts */ = {
			isa = PBXGroup;
			children = (
				DFF67E9F2E219AE800676213 /* Pretendard-Black.otf */,
				DFF67EA02E219AE800676213 /* Pretendard-Bold.otf */,
				DFF67EA12E219AE800676213 /* Pretendard-ExtraBold.otf */,
				DFF67EA22E219AE800676213 /* Pretendard-ExtraLight.otf */,
				DFF67EA32E219AE800676213 /* Pretendard-Light.otf */,
				DFF67EA42E219AE800676213 /* Pretendard-Medium.otf */,
				DFF67EA52E219AE800676213 /* Pretendard-Regular.otf */,
				DFF67EA62E219AE800676213 /* Pretendard-SemiBold.otf */,
				DFF67EA72E219AE800676213 /* Pretendard-Thin.otf */,
				A732BA2F2E27E9D0009EB6BF /* Inter 24pt.ttf */,
			);
			path = Fonts;
			sourceTree = "<group>";
		};
		DFA689282E2110F7000EC0BA /* ISSUE_TEMPLATE */ = {
			isa = PBXGroup;
			children = (
				DFA689272E2110F7000EC0BA /* issue.md */,
			);
			path = ISSUE_TEMPLATE;
			sourceTree = "<group>";
		};
		DFA6892A2E2110F7000EC0BA /* workflows */ = {
			isa = PBXGroup;
			children = (
				DFA689292E2110F7000EC0BA /* main.yml */,
				DF9E1E962E212646000F0F13 /* issue-project-tracker.yml */,
				DFB9A41A2E22BB9500BD0E51 /* email-notify.yml */,
			);
			path = workflows;
			sourceTree = "<group>";
		};
		DFA6892C2E2110F7000EC0BA /* .github */ = {
			isa = PBXGroup;
			children = (
				DFA689282E2110F7000EC0BA /* ISSUE_TEMPLATE */,
				DFA6892A2E2110F7000EC0BA /* workflows */,
				DFA6892B2E2110F7000EC0BA /* PULL_REQUEST_TEMPLATE.md */,
				DFA689322E21163A000EC0BA /* labels.json */,
				DFA689332E211752000EC0BA /* issue-branch.yml */,
			);
			path = .github;
			sourceTree = "<group>";
		};
/* End PBXGroup section */

/* Begin PBXNativeTarget section */
		A7C1AB582E20022D00B8B9E1 /* Pindora */ = {
			isa = PBXNativeTarget;
			buildConfigurationList = A7C1AB6C2E20022D00B8B9E1 /* Build configuration list for PBXNativeTarget "Pindora" */;
			buildPhases = (
				DF899C6F2E24F7D4006BE87D /* SwiftLint Script */,
				DF27D9B92E28C3D200D0D8BE /* ShellScript */,
				A7C1AB552E20022D00B8B9E1 /* Sources */,
				A7C1AB562E20022D00B8B9E1 /* Frameworks */,
				A7C1AB572E20022D00B8B9E1 /* Resources */,
			);
			buildRules = (
			);
			dependencies = (
			);
			name = Pindora;
			packageProductDependencies = (
			);
			productName = Pindora;
			productReference = A7C1AB592E20022D00B8B9E1 /* Pindora.app */;
			productType = "com.apple.product-type.application";
		};
/* End PBXNativeTarget section */

/* Begin PBXProject section */
		A7C1AB512E20022D00B8B9E1 /* Project object */ = {
			isa = PBXProject;
			attributes = {
				BuildIndependentTargetsInParallel = 1;
				LastSwiftUpdateCheck = 1640;
				LastUpgradeCheck = 1640;
				TargetAttributes = {
					A7C1AB582E20022D00B8B9E1 = {
						CreatedOnToolsVersion = 16.4;
					};
				};
			};
			buildConfigurationList = A7C1AB542E20022D00B8B9E1 /* Build configuration list for PBXProject "Pindora" */;
			developmentRegion = en;
			hasScannedForEncodings = 0;
			knownRegions = (
				en,
				Base,
			);
			mainGroup = A7C1AB502E20022D00B8B9E1;
			minimizedProjectReferenceProxies = 1;
			packageReferences = (
			);
			preferredProjectObjectVersion = 77;
			productRefGroup = A7C1AB5A2E20022D00B8B9E1 /* Products */;
			projectDirPath = "";
			projectRoot = "";
			targets = (
				A7C1AB582E20022D00B8B9E1 /* Pindora */,
			);
		};
/* End PBXProject section */

/* Begin PBXResourcesBuildPhase section */
		A7C1AB572E20022D00B8B9E1 /* Resources */ = {
			isa = PBXResourcesBuildPhase;
			buildActionMask = 2147483647;
			files = (
				DF9E1E972E212646000F0F13 /* issue-project-tracker.yml in Resources */,
				A7F2E16E2E2007630045D175 /* Assets.xcassets in Resources */,
				DFA689342E211752000EC0BA /* issue-branch.yml in Resources */,
				DF899C712E24F834006BE87D /* .swiftlint.yml in Resources */,
				DF5FFE422E20B9BE00C07AD3 /* .gitignore in Resources */,
				DFA6892D2E2110F7000EC0BA /* issue.md in Resources */,
				DFA6892E2E2110F7000EC0BA /* main.yml in Resources */,
				DFF67EA82E219AE800676213 /* Pretendard-Light.otf in Resources */,
				DFF67EA92E219AE800676213 /* Pretendard-Black.otf in Resources */,
				DFF67EAA2E219AE800676213 /* Pretendard-Thin.otf in Resources */,
				DFB9A41B2E22BB9500BD0E51 /* email-notify.yml in Resources */,
				DFF67EAB2E219AE800676213 /* Pretendard-Regular.otf in Resources */,
				DFF67EAC2E219AE800676213 /* Pretendard-ExtraBold.otf in Resources */,
				DFF67EAD2E219AE800676213 /* Pretendard-Medium.otf in Resources */,
				DFF67EAE2E219AE800676213 /* Pretendard-Bold.otf in Resources */,
				DFF67EAF2E219AE800676213 /* Pretendard-ExtraLight.otf in Resources */,
				DFF67EB02E219AE800676213 /* Pretendard-SemiBold.otf in Resources */,
				DFA6892F2E2110F7000EC0BA /* PULL_REQUEST_TEMPLATE.md in Resources */,
				DF5FFE442E20BBB300C07AD3 /* README.md in Resources */,
				DF899B462E24DD9C006BE87D /* CodeConvention.md in Resources */,
			);
			runOnlyForDeploymentPostprocessing = 0;
		};
/* End PBXResourcesBuildPhase section */

/* Begin PBXShellScriptBuildPhase section */
		DF27D9B92E28C3D200D0D8BE /* ShellScript */ = {
			isa = PBXShellScriptBuildPhase;
			alwaysOutOfDate = 1;
			buildActionMask = 2147483647;
			files = (
			);
			inputFileListPaths = (
			);
			inputPaths = (
			);
			outputFileListPaths = (
			);
			outputPaths = (
			);
			runOnlyForDeploymentPostprocessing = 0;
			shellPath = /bin/sh;
			shellScript = "# 🚀 ProtocolDocChecker 실행 및 자동 빌드 (macOS 명시)\necho \"🛠 ProtocolDocChecker 검사 시작...\"\n\nTOOL_NAME=\"ProtocolDocChecker\"\nTOOL_PATH=\"${SRCROOT}/.build/debug/$TOOL_NAME\"\nTARGET_PATH=\"${SRCROOT}/Pindora\"\n\n# 1. macOS 툴체인으로 강제 빌드\ncd \"${SRCROOT}\"\necho \"🔨 빌드 중: $TOOL_NAME ...\"\nxcrun --sdk macosx swift build --product \"$TOOL_NAME\"\n\n# 2. 빌드 성공 시 검사 실행\nif [ -x \"$TOOL_PATH\" ]; then\n  \"$TOOL_PATH\" \"$TARGET_PATH\"\nelse\n  echo \"❌ 빌드 실패 또는 실행파일 없음: $TOOL_PATH\"\n  exit 1\nfi\n";
		};
		DF899C6F2E24F7D4006BE87D /* SwiftLint Script */ = {
			isa = PBXShellScriptBuildPhase;
			alwaysOutOfDate = 1;
			buildActionMask = 2147483647;
			files = (
			);
			inputFileListPaths = (
			);
			inputPaths = (
			);
			name = "SwiftLint Script";
			outputFileListPaths = (
			);
			outputPaths = (
			);
			runOnlyForDeploymentPostprocessing = 0;
			shellPath = /bin/sh;
			shellScript = "export PATH=\"$PATH:/opt/homebrew/bin\"\nif which swiftlint > /dev/null; then\n  swiftlint\nelse\n  echo \"warning: SwiftLint not installed, download from https://github.com/realm/SwiftLint\"\nfi\n";
		};
/* End PBXShellScriptBuildPhase section */

/* Begin PBXSourcesBuildPhase section */
		A7C1AB552E20022D00B8B9E1 /* Sources */ = {
			isa = PBXSourcesBuildPhase;
			buildActionMask = 2147483647;
			files = (
				A7F2E18B2E2009DB0045D175 /* MainTabViewController.swift in Sources */,
				A7F2E19D2E200A830045D175 /* FontSystem.swift in Sources */,
				A725E9A52E2FA30300EEA3F5 /* ProfileEditView.swift in Sources */,
				A7D418BD2E2A281200B17044 /* ProfilePlaceCellListView.swift in Sources */,
				DF1F40EA2E279F5400BE27AC /* MapViewModel.swift in Sources */,
				A7D418C12E2A364D00B17044 /* UIView+.swift in Sources */,
				DF1F40EB2E279F5400BE27AC /* MapViewController.swift in Sources */,
				DF1F40F82E279F9000BE27AC /* ProfileViewModel.swift in Sources */,
				A725E9B32E2FA5CA00EEA3F5 /* ProfileEditViewController.swift in Sources */,
				DF1F40F92E279F9000BE27AC /* ProfileView.swift in Sources */,
				A7D418BF2E2A344700B17044 /* UIButton+.swift in Sources */,
				DF1F40FA2E279F9000BE27AC /* ProfileViewController.swift in Sources */,
				DF1F40EC2E279F5400BE27AC /* MapView.swift in Sources */,
				DF7A8B9A2E277CCB00378AC3 /* AuthUseCase.swift in Sources */,
				A778D2E12E28F212006B3309 /* HomeView.swift in Sources */,
				A725E9A72E2FA32000EEA3F5 /* AccountSettingView.swift in Sources */,
				DF1F40E42E279E8200BE27AC /* LoginView.swift in Sources */,
				DF1F40E52E279E8200BE27AC /* LoginViewController.swift in Sources */,
				A725E9AF2E2FA52900EEA3F5 /* PersonaInfoCardView.swift in Sources */,
				DF1F40E62E279E8200BE27AC /* LoginViewModel.swift in Sources */,
				DF1F3FB52E279C4100BE27AC /* HomeViewModel.swift in Sources */,
				DF1F40F02E279F6600BE27AC /* MyPlaceViewModel.swift in Sources */,
				A725E9AD2E2FA4FB00EEA3F5 /* PersonaPreviewView.swift in Sources */,
				DF1F40F12E279F6600BE27AC /* MyPlaceViewController.swift in Sources */,
				A778D2E32E29756E006B3309 /* ProfilePlaceCellView.swift in Sources */,
				DF1F40F22E279F6600BE27AC /* MyPlaceView.swift in Sources */,
				A725E9B12E2FA53A00EEA3F5 /* ImageSelectorView.swift in Sources */,
				DF1F3FB62E279C4100BE27AC /* HomeViewController.swift in Sources */,
				A725E9AB2E2FA4E300EEA3F5 /* ProfileEditViewModel.swift in Sources */,
				DF7A87C42E27783F00378AC3 /* Coordinator.swift in Sources */,
				DF7A8B9C2E277D0000378AC3 /* AuthUseCaseImpl.swift in Sources */,
				DF7A8BA02E27806800378AC3 /* AuthRepositoryImpl.swift in Sources */,
				DFA2CB392E27C7B000C4F32B /* ModuleFactory.swift in Sources */,
				DFA2CB3D2E27DC8E00C4F32B /* Documentation.docc in Sources */,
				A732BA292E27E2BB009EB6BF /* CategoryCellListView.swift in Sources */,
				A732BA2A2E27E2BB009EB6BF /* CardCellView.swift in Sources */,
				A732BA2B2E27E2BB009EB6BF /* CategoryCellVeiw.swift in Sources */,
				A732BA2C2E27E2BB009EB6BF /* CardCellListView.swift in Sources */,
				A732BA2E2E27E2D4009EB6BF /* SearchBarView.swift in Sources */,
				A7F2E16D2E2007630045D175 /* ViewController.swift in Sources */,
				DF7A8B9E2E27804600378AC3 /* AuthRepository.swift in Sources */,
				DF1F40DE2E279E7F00BE27AC /* OneTimeAskView.swift in Sources */,
				A725E9A92E2FA36300EEA3F5 /* SettingListView.swift in Sources */,
				DF1F40DF2E279E7F00BE27AC /* OneTimeAskViewController.swift in Sources */,
				DF7A87CA2E27786300378AC3 /* DIContainer.swift in Sources */,
				DF1F3E782E27859B00BE27AC /* AppDelegate.swift in Sources */,
				DF1F3E792E27859B00BE27AC /* SceneDelegate.swift in Sources */,
			);
			runOnlyForDeploymentPostprocessing = 0;
		};
/* End PBXSourcesBuildPhase section */

/* Begin XCBuildConfiguration section */
		A7C1AB6D2E20022D00B8B9E1 /* Debug */ = {
			isa = XCBuildConfiguration;
			buildSettings = {
				ASSETCATALOG_COMPILER_APPICON_NAME = AppIcon;
				ASSETCATALOG_COMPILER_GLOBAL_ACCENT_COLOR_NAME = AccentColor;
				CODE_SIGN_IDENTITY = "Apple Development";
				"CODE_SIGN_IDENTITY[sdk=iphoneos*]" = "iPhone Developer";
				CODE_SIGN_STYLE = Manual;
				CURRENT_PROJECT_VERSION = 7;
				DEVELOPMENT_TEAM = "";
				"DEVELOPMENT_TEAM[sdk=iphoneos*]" = LGX4B4WC66;
				ENABLE_USER_SCRIPT_SANDBOXING = NO;
				GENERATE_INFOPLIST_FILE = YES;
				INFOPLIST_FILE = Pindora/Info.plist;
				INFOPLIST_KEY_UIApplicationSupportsIndirectInputEvents = YES;
				INFOPLIST_KEY_UILaunchStoryboardName = LaunchScreen;
				INFOPLIST_KEY_UIMainStoryboardFile = "";
				INFOPLIST_KEY_UISupportedInterfaceOrientations_iPad = "UIInterfaceOrientationPortrait UIInterfaceOrientationPortraitUpsideDown UIInterfaceOrientationLandscapeLeft UIInterfaceOrientationLandscapeRight";
				INFOPLIST_KEY_UISupportedInterfaceOrientations_iPhone = "UIInterfaceOrientationPortrait UIInterfaceOrientationLandscapeLeft UIInterfaceOrientationLandscapeRight";
				LD_RUNPATH_SEARCH_PATHS = (
					"$(inherited)",
					"@executable_path/Frameworks",
				);
				MARKETING_VERSION = 1.0;
				PRODUCT_BUNDLE_IDENTIFIER = com.RETIA.Pindora;
				PRODUCT_NAME = "$(TARGET_NAME)";
				PROVISIONING_PROFILE_SPECIFIER = "";
				"PROVISIONING_PROFILE_SPECIFIER[sdk=iphoneos*]" = "match Development com.RETIA.Pindora";
				SUPPORTED_PLATFORMS = "iphoneos iphonesimulator";
				SUPPORTS_MACCATALYST = NO;
				SUPPORTS_MAC_DESIGNED_FOR_IPHONE_IPAD = NO;
				SUPPORTS_XR_DESIGNED_FOR_IPHONE_IPAD = NO;
				SWIFT_EMIT_LOC_STRINGS = YES;
				SWIFT_VERSION = 5.0;
				TARGETED_DEVICE_FAMILY = "1,2";
			};
			name = Debug;
		};
		A7C1AB6E2E20022D00B8B9E1 /* Release */ = {
			isa = XCBuildConfiguration;
			buildSettings = {
				ASSETCATALOG_COMPILER_APPICON_NAME = AppIcon;
				ASSETCATALOG_COMPILER_GLOBAL_ACCENT_COLOR_NAME = AccentColor;
				CODE_SIGN_IDENTITY = "Apple Development";
				"CODE_SIGN_IDENTITY[sdk=iphoneos*]" = "iPhone Developer";
				CODE_SIGN_STYLE = Manual;
				CURRENT_PROJECT_VERSION = 7;
				DEVELOPMENT_TEAM = "";
				"DEVELOPMENT_TEAM[sdk=iphoneos*]" = LGX4B4WC66;
				ENABLE_USER_SCRIPT_SANDBOXING = NO;
				GENERATE_INFOPLIST_FILE = YES;
				INFOPLIST_FILE = Pindora/Info.plist;
				INFOPLIST_KEY_UIApplicationSupportsIndirectInputEvents = YES;
				INFOPLIST_KEY_UILaunchStoryboardName = LaunchScreen;
				INFOPLIST_KEY_UIMainStoryboardFile = "";
				INFOPLIST_KEY_UISupportedInterfaceOrientations_iPad = "UIInterfaceOrientationPortrait UIInterfaceOrientationPortraitUpsideDown UIInterfaceOrientationLandscapeLeft UIInterfaceOrientationLandscapeRight";
				INFOPLIST_KEY_UISupportedInterfaceOrientations_iPhone = "UIInterfaceOrientationPortrait UIInterfaceOrientationLandscapeLeft UIInterfaceOrientationLandscapeRight";
				LD_RUNPATH_SEARCH_PATHS = (
					"$(inherited)",
					"@executable_path/Frameworks",
				);
				MARKETING_VERSION = 1.0;
				PRODUCT_BUNDLE_IDENTIFIER = com.RETIA.Pindora;
				PRODUCT_NAME = "$(TARGET_NAME)";
				PROVISIONING_PROFILE_SPECIFIER = "";
				"PROVISIONING_PROFILE_SPECIFIER[sdk=iphoneos*]" = "match Development com.RETIA.Pindora";
				SUPPORTED_PLATFORMS = "iphoneos iphonesimulator";
				SUPPORTS_MACCATALYST = NO;
				SUPPORTS_MAC_DESIGNED_FOR_IPHONE_IPAD = NO;
				SUPPORTS_XR_DESIGNED_FOR_IPHONE_IPAD = NO;
				SWIFT_EMIT_LOC_STRINGS = YES;
				SWIFT_VERSION = 5.0;
				TARGETED_DEVICE_FAMILY = "1,2";
			};
			name = Release;
		};
		A7C1AB6F2E20022D00B8B9E1 /* Debug */ = {
			isa = XCBuildConfiguration;
			buildSettings = {
				ALWAYS_SEARCH_USER_PATHS = NO;
				ASSETCATALOG_COMPILER_GENERATE_SWIFT_ASSET_SYMBOL_EXTENSIONS = YES;
				CLANG_ANALYZER_NONNULL = YES;
				CLANG_ANALYZER_NUMBER_OBJECT_CONVERSION = YES_AGGRESSIVE;
				CLANG_CXX_LANGUAGE_STANDARD = "gnu++20";
				CLANG_ENABLE_MODULES = YES;
				CLANG_ENABLE_OBJC_ARC = YES;
				CLANG_ENABLE_OBJC_WEAK = YES;
				CLANG_WARN_BLOCK_CAPTURE_AUTORELEASING = YES;
				CLANG_WARN_BOOL_CONVERSION = YES;
				CLANG_WARN_COMMA = YES;
				CLANG_WARN_CONSTANT_CONVERSION = YES;
				CLANG_WARN_DEPRECATED_OBJC_IMPLEMENTATIONS = YES;
				CLANG_WARN_DIRECT_OBJC_ISA_USAGE = YES_ERROR;
				CLANG_WARN_DOCUMENTATION_COMMENTS = YES;
				CLANG_WARN_EMPTY_BODY = YES;
				CLANG_WARN_ENUM_CONVERSION = YES;
				CLANG_WARN_INFINITE_RECURSION = YES;
				CLANG_WARN_INT_CONVERSION = YES;
				CLANG_WARN_NON_LITERAL_NULL_CONVERSION = YES;
				CLANG_WARN_OBJC_IMPLICIT_RETAIN_SELF = YES;
				CLANG_WARN_OBJC_LITERAL_CONVERSION = YES;
				CLANG_WARN_OBJC_ROOT_CLASS = YES_ERROR;
				CLANG_WARN_QUOTED_INCLUDE_IN_FRAMEWORK_HEADER = YES;
				CLANG_WARN_RANGE_LOOP_ANALYSIS = YES;
				CLANG_WARN_STRICT_PROTOTYPES = YES;
				CLANG_WARN_SUSPICIOUS_MOVE = YES;
				CLANG_WARN_UNGUARDED_AVAILABILITY = YES_AGGRESSIVE;
				CLANG_WARN_UNREACHABLE_CODE = YES;
				CLANG_WARN__DUPLICATE_METHOD_MATCH = YES;
				COPY_PHASE_STRIP = NO;
				DEBUG_INFORMATION_FORMAT = dwarf;
				ENABLE_STRICT_OBJC_MSGSEND = YES;
				ENABLE_TESTABILITY = YES;
				ENABLE_USER_SCRIPT_SANDBOXING = YES;
				GCC_C_LANGUAGE_STANDARD = gnu17;
				GCC_DYNAMIC_NO_PIC = NO;
				GCC_NO_COMMON_BLOCKS = YES;
				GCC_OPTIMIZATION_LEVEL = 0;
				GCC_PREPROCESSOR_DEFINITIONS = (
					"DEBUG=1",
					"$(inherited)",
				);
				GCC_WARN_64_TO_32_BIT_CONVERSION = YES;
				GCC_WARN_ABOUT_RETURN_TYPE = YES_ERROR;
				GCC_WARN_UNDECLARED_SELECTOR = YES;
				GCC_WARN_UNINITIALIZED_AUTOS = YES_AGGRESSIVE;
				GCC_WARN_UNUSED_FUNCTION = YES;
				GCC_WARN_UNUSED_VARIABLE = YES;
				IPHONEOS_DEPLOYMENT_TARGET = 18.5;
				LOCALIZATION_PREFERS_STRING_CATALOGS = YES;
				MTL_ENABLE_DEBUG_INFO = INCLUDE_SOURCE;
				MTL_FAST_MATH = YES;
				ONLY_ACTIVE_ARCH = YES;
				SDKROOT = iphoneos;
				SWIFT_ACTIVE_COMPILATION_CONDITIONS = "DEBUG $(inherited)";
				SWIFT_OPTIMIZATION_LEVEL = "-Onone";
			};
			name = Debug;
		};
		A7C1AB702E20022D00B8B9E1 /* Release */ = {
			isa = XCBuildConfiguration;
			buildSettings = {
				ALWAYS_SEARCH_USER_PATHS = NO;
				ASSETCATALOG_COMPILER_GENERATE_SWIFT_ASSET_SYMBOL_EXTENSIONS = YES;
				CLANG_ANALYZER_NONNULL = YES;
				CLANG_ANALYZER_NUMBER_OBJECT_CONVERSION = YES_AGGRESSIVE;
				CLANG_CXX_LANGUAGE_STANDARD = "gnu++20";
				CLANG_ENABLE_MODULES = YES;
				CLANG_ENABLE_OBJC_ARC = YES;
				CLANG_ENABLE_OBJC_WEAK = YES;
				CLANG_WARN_BLOCK_CAPTURE_AUTORELEASING = YES;
				CLANG_WARN_BOOL_CONVERSION = YES;
				CLANG_WARN_COMMA = YES;
				CLANG_WARN_CONSTANT_CONVERSION = YES;
				CLANG_WARN_DEPRECATED_OBJC_IMPLEMENTATIONS = YES;
				CLANG_WARN_DIRECT_OBJC_ISA_USAGE = YES_ERROR;
				CLANG_WARN_DOCUMENTATION_COMMENTS = YES;
				CLANG_WARN_EMPTY_BODY = YES;
				CLANG_WARN_ENUM_CONVERSION = YES;
				CLANG_WARN_INFINITE_RECURSION = YES;
				CLANG_WARN_INT_CONVERSION = YES;
				CLANG_WARN_NON_LITERAL_NULL_CONVERSION = YES;
				CLANG_WARN_OBJC_IMPLICIT_RETAIN_SELF = YES;
				CLANG_WARN_OBJC_LITERAL_CONVERSION = YES;
				CLANG_WARN_OBJC_ROOT_CLASS = YES_ERROR;
				CLANG_WARN_QUOTED_INCLUDE_IN_FRAMEWORK_HEADER = YES;
				CLANG_WARN_RANGE_LOOP_ANALYSIS = YES;
				CLANG_WARN_STRICT_PROTOTYPES = YES;
				CLANG_WARN_SUSPICIOUS_MOVE = YES;
				CLANG_WARN_UNGUARDED_AVAILABILITY = YES_AGGRESSIVE;
				CLANG_WARN_UNREACHABLE_CODE = YES;
				CLANG_WARN__DUPLICATE_METHOD_MATCH = YES;
				COPY_PHASE_STRIP = NO;
				DEBUG_INFORMATION_FORMAT = "dwarf-with-dsym";
				ENABLE_NS_ASSERTIONS = NO;
				ENABLE_STRICT_OBJC_MSGSEND = YES;
				ENABLE_USER_SCRIPT_SANDBOXING = YES;
				GCC_C_LANGUAGE_STANDARD = gnu17;
				GCC_NO_COMMON_BLOCKS = YES;
				GCC_WARN_64_TO_32_BIT_CONVERSION = YES;
				GCC_WARN_ABOUT_RETURN_TYPE = YES_ERROR;
				GCC_WARN_UNDECLARED_SELECTOR = YES;
				GCC_WARN_UNINITIALIZED_AUTOS = YES_AGGRESSIVE;
				GCC_WARN_UNUSED_FUNCTION = YES;
				GCC_WARN_UNUSED_VARIABLE = YES;
				IPHONEOS_DEPLOYMENT_TARGET = 18.5;
				LOCALIZATION_PREFERS_STRING_CATALOGS = YES;
				MTL_ENABLE_DEBUG_INFO = NO;
				MTL_FAST_MATH = YES;
				SDKROOT = iphoneos;
				SWIFT_COMPILATION_MODE = wholemodule;
				VALIDATE_PRODUCT = YES;
			};
			name = Release;
		};
/* End XCBuildConfiguration section */

/* Begin XCConfigurationList section */
		A7C1AB542E20022D00B8B9E1 /* Build configuration list for PBXProject "Pindora" */ = {
			isa = XCConfigurationList;
			buildConfigurations = (
				A7C1AB6F2E20022D00B8B9E1 /* Debug */,
				A7C1AB702E20022D00B8B9E1 /* Release */,
			);
			defaultConfigurationIsVisible = 0;
			defaultConfigurationName = Release;
		};
		A7C1AB6C2E20022D00B8B9E1 /* Build configuration list for PBXNativeTarget "Pindora" */ = {
			isa = XCConfigurationList;
			buildConfigurations = (
				A7C1AB6D2E20022D00B8B9E1 /* Debug */,
				A7C1AB6E2E20022D00B8B9E1 /* Release */,
			);
			defaultConfigurationIsVisible = 0;
			defaultConfigurationName = Release;
		};
/* End XCConfigurationList section */
	};
	rootObject = A7C1AB512E20022D00B8B9E1 /* Project object */;
}
